
Microsoft Visual Studio Solution File, Format Version 12.00
# Visual Studio Version 17
VisualStudioVersion = 17.3.32929.385
MinimumVisualStudioVersion = 10.0.40219.1
Project("{9A19103F-16F7-4668-BE54-9A1E7A4F7556}") = "MineSweeper", "MineSweeper\MineSweeper.csproj", "{61F714BF-5A7C-4852-B32A-47C67B67DD63}"
	ProjectSection(ProjectDependencies) = postProject
		{F106039E-78BA-4CC9-B61C-85D61B8A6D31} = {F106039E-78BA-4CC9-B61C-85D61B8A6D31}
	EndProjectSection
EndProject
Project("{9A19103F-16F7-4668-BE54-9A1E7A4F7556}") = "Game", "Game\Game.csproj", "{F106039E-78BA-4CC9-B61C-85D61B8A6D31}"
EndProject
Project("{9A19103F-16F7-4668-BE54-9A1E7A4F7556}") = "GameTests", "GameTests\GameTests.csproj", "{EF6F0980-00C9-43B8-B15A-8DA06190555D}"
	ProjectSection(ProjectDependencies) = postProject
		{F106039E-78BA-4CC9-B61C-85D61B8A6D31} = {F106039E-78BA-4CC9-B61C-85D61B8A6D31}
	EndProjectSection
EndProject
Global
	GlobalSection(SolutionConfigurationPlatforms) = preSolution
		Debug|Any CPU = Debug|Any CPU
		Release|Any CPU = Release|Any CPU
	EndGlobalSection
	GlobalSection(ProjectConfigurationPlatforms) = postSolution
		{61F714BF-5A7C-4852-B32A-47C67B67DD63}.Debug|Any CPU.ActiveCfg = Debug|Any CPU
		{61F714BF-5A7C-4852-B32A-47C67B67DD63}.Debug|Any CPU.Build.0 = Debug|Any CPU
		{61F714BF-5A7C-4852-B32A-47C67B67DD63}.Release|Any CPU.ActiveCfg = Release|Any CPU
		{61F714BF-5A7C-4852-B32A-47C67B67DD63}.Release|Any CPU.Build.0 = Release|Any CPU
		{F106039E-78BA-4CC9-B61C-85D61B8A6D31}.Debug|Any CPU.ActiveCfg = Debug|Any CPU
		{F106039E-78BA-4CC9-B61C-85D61B8A6D31}.Debug|Any CPU.Build.0 = Debug|Any CPU
		{F106039E-78BA-4CC9-B61C-85D61B8A6D31}.Release|Any CPU.ActiveCfg = Release|Any CPU
		{F106039E-78BA-4CC9-B61C-85D61B8A6D31}.Release|Any CPU.Build.0 = Release|Any CPU
		{EF6F0980-00C9-43B8-B15A-8DA06190555D}.Debug|Any CPU.ActiveCfg = Debug|Any CPU
		{EF6F0980-00C9-43B8-B15A-8DA06190555D}.Debug|Any CPU.Build.0 = Debug|Any CPU
		{EF6F0980-00C9-43B8-B15A-8DA06190555D}.Release|Any CPU.ActiveCfg = Release|Any CPU
		{EF6F0980-00C9-43B8-B15A-8DA06190555D}.Release|Any CPU.Build.0 = Release|Any CPU
	EndGlobalSection
	GlobalSection(SolutionProperties) = preSolution
		HideSolutionNode = FALSE
	EndGlobalSection
	GlobalSection(ExtensibilityGlobals) = postSolution
		SolutionGuid = {4D90B3B7-7553-4E13-94E7-E0DD4F172063}
	EndGlobalSection
EndGlobal
